
Microsoft Visual Studio Solution File, Format Version 12.00
# Visual Studio Version 17
VisualStudioVersion = 17.4.32815.475
MinimumVisualStudioVersion = 10.0.40219.1
Project("{9A19103F-16F7-4668-BE54-9A1E7A4F7556}") = "GuidGen", "src\GuidGen\GuidGen.csproj", "{B69DC871-460C-400D-A709-21535C0C7565}"
EndProject
Project("{9A19103F-16F7-4668-BE54-9A1E7A4F7556}") = "GuidGenTests", "test\GuidGenTests\GuidGenTests.csproj", "{14AC86EA-74E5-4992-862D-1F11D4807F9E}"
EndProject
Project("{9A19103F-16F7-4668-BE54-9A1E7A4F7556}") = "GuidGenVsPackage", "src\GuidGenVsPackage\GuidGenVsPackage.csproj", "{92BE87CE-00CD-4EFD-B48A-36A7898A0430}"
EndProject
Project("{2150E333-8FDC-42A3-9474-1A3956D46DE8}") = "src", "src", "{F051D37B-1093-4B03-A61E-B4E345FD985E}"
	ProjectSection(SolutionItems) = preProject
		src\.editorconfig = src\.editorconfig
		src\AssemblyInfo.cs = src\AssemblyInfo.cs
		src\Directory.Build.props = src\Directory.Build.props
		src\Directory.Build.targets = src\Directory.Build.targets
	EndProjectSection
EndProject
Project("{2150E333-8FDC-42A3-9474-1A3956D46DE8}") = "test", "test", "{2D352055-4321-4AE0-B7C1-8278DF5E91A3}"
	ProjectSection(SolutionItems) = preProject
		test\.editorconfig = test\.editorconfig
		test\Directory.Build.props = test\Directory.Build.props
		test\Directory.Build.targets = test\Directory.Build.targets
	EndProjectSection
EndProject
Project("{2150E333-8FDC-42A3-9474-1A3956D46DE8}") = "Solution Items", "Solution Items", "{41858C8B-9068-42B6-9768-ADB323F4CD80}"
	ProjectSection(SolutionItems) = preProject
		.editorconfig = .editorconfig
		.gitignore = .gitignore
		Directory.Build.props = Directory.Build.props
		Directory.Build.targets = Directory.Build.targets
		Directory.Packages.props = Directory.Packages.props
		global.json = global.json
		nuget.config = nuget.config
		stylecop.json = stylecop.json
		version.json = version.json
	EndProjectSection
EndProject
Global
	GlobalSection(SolutionConfigurationPlatforms) = preSolution
		Debug|Any CPU = Debug|Any CPU
		Release|Any CPU = Release|Any CPU
	EndGlobalSection
	GlobalSection(ProjectConfigurationPlatforms) = postSolution
		{B69DC871-460C-400D-A709-21535C0C7565}.Debug|Any CPU.ActiveCfg = Debug|Any CPU
		{B69DC871-460C-400D-A709-21535C0C7565}.Debug|Any CPU.Build.0 = Debug|Any CPU
		{B69DC871-460C-400D-A709-21535C0C7565}.Release|Any CPU.ActiveCfg = Release|Any CPU
		{B69DC871-460C-400D-A709-21535C0C7565}.Release|Any CPU.Build.0 = Release|Any CPU
		{14AC86EA-74E5-4992-862D-1F11D4807F9E}.Debug|Any CPU.ActiveCfg = Debug|Any CPU
		{14AC86EA-74E5-4992-862D-1F11D4807F9E}.Debug|Any CPU.Build.0 = Debug|Any CPU
		{14AC86EA-74E5-4992-862D-1F11D4807F9E}.Release|Any CPU.ActiveCfg = Release|Any CPU
		{14AC86EA-74E5-4992-862D-1F11D4807F9E}.Release|Any CPU.Build.0 = Release|Any CPU
		{92BE87CE-00CD-4EFD-B48A-36A7898A0430}.Debug|Any CPU.ActiveCfg = Debug|Any CPU
		{92BE87CE-00CD-4EFD-B48A-36A7898A0430}.Debug|Any CPU.Build.0 = Debug|Any CPU
		{92BE87CE-00CD-4EFD-B48A-36A7898A0430}.Release|Any CPU.ActiveCfg = Release|Any CPU
		{92BE87CE-00CD-4EFD-B48A-36A7898A0430}.Release|Any CPU.Build.0 = Release|Any CPU
	EndGlobalSection
	GlobalSection(SolutionProperties) = preSolution
		HideSolutionNode = FALSE
	EndGlobalSection
	GlobalSection(NestedProjects) = preSolution
		{B69DC871-460C-400D-A709-21535C0C7565} = {F051D37B-1093-4B03-A61E-B4E345FD985E}
		{14AC86EA-74E5-4992-862D-1F11D4807F9E} = {2D352055-4321-4AE0-B7C1-8278DF5E91A3}
		{92BE87CE-00CD-4EFD-B48A-36A7898A0430} = {F051D37B-1093-4B03-A61E-B4E345FD985E}
	EndGlobalSection
	GlobalSection(ExtensibilityGlobals) = postSolution
		SolutionGuid = {223338A3-FB46-4C6D-8FBC-9BB48D5D412A}
	EndGlobalSection
EndGlobal
