
Microsoft Visual Studio Solution File, Format Version 12.00
# Visual Studio 15
VisualStudioVersion = 15.0.26614.0
MinimumVisualStudioVersion = 10.0.40219.1
Project("{9A19103F-16F7-4668-BE54-9A1E7A4F7556}") = "GuidGen", "GuidGen\GuidGen.csproj", "{B69DC871-460C-400D-A709-21535C0C7565}"
EndProject
Project("{9A19103F-16F7-4668-BE54-9A1E7A4F7556}") = "GuidGenTests", "GuidGenTests\GuidGenTests.csproj", "{14AC86EA-74E5-4992-862D-1F11D4807F9E}"
EndProject
Project("{9A19103F-16F7-4668-BE54-9A1E7A4F7556}") = "GuidGenVsPackage", "GuidGenVsPackage\GuidGenVsPackage.csproj", "{92BE87CE-00CD-4EFD-B48A-36A7898A0430}"
EndProject
Project("{2150E333-8FDC-42A3-9474-1A3956D46DE8}") = "Solution Items", "Solution Items", "{3AF1DAAA-F64D-4990-AE19-ED93F98C1CB4}"
	ProjectSection(SolutionItems) = preProject
		..\.appveyor.yml = ..\.appveyor.yml
		..\.gitignore = ..\.gitignore
		Directory.Build.props = Directory.Build.props
		nuget.config = nuget.config
		version.json = version.json
	EndProjectSection
EndProject
Global
	GlobalSection(SolutionConfigurationPlatforms) = preSolution
		Debug|Any CPU = Debug|Any CPU
		Release|Any CPU = Release|Any CPU
	EndGlobalSection
	GlobalSection(ProjectConfigurationPlatforms) = postSolution
		{B69DC871-460C-400D-A709-21535C0C7565}.Debug|Any CPU.ActiveCfg = Debug|Any CPU
		{B69DC871-460C-400D-A709-21535C0C7565}.Debug|Any CPU.Build.0 = Debug|Any CPU
		{B69DC871-460C-400D-A709-21535C0C7565}.Release|Any CPU.ActiveCfg = Release|Any CPU
		{B69DC871-460C-400D-A709-21535C0C7565}.Release|Any CPU.Build.0 = Release|Any CPU
		{14AC86EA-74E5-4992-862D-1F11D4807F9E}.Debug|Any CPU.ActiveCfg = Debug|Any CPU
		{14AC86EA-74E5-4992-862D-1F11D4807F9E}.Debug|Any CPU.Build.0 = Debug|Any CPU
		{14AC86EA-74E5-4992-862D-1F11D4807F9E}.Release|Any CPU.ActiveCfg = Release|Any CPU
		{14AC86EA-74E5-4992-862D-1F11D4807F9E}.Release|Any CPU.Build.0 = Release|Any CPU
		{92BE87CE-00CD-4EFD-B48A-36A7898A0430}.Debug|Any CPU.ActiveCfg = Debug|Any CPU
		{92BE87CE-00CD-4EFD-B48A-36A7898A0430}.Debug|Any CPU.Build.0 = Debug|Any CPU
		{92BE87CE-00CD-4EFD-B48A-36A7898A0430}.Release|Any CPU.ActiveCfg = Release|Any CPU
		{92BE87CE-00CD-4EFD-B48A-36A7898A0430}.Release|Any CPU.Build.0 = Release|Any CPU
	EndGlobalSection
	GlobalSection(SolutionProperties) = preSolution
		HideSolutionNode = FALSE
	EndGlobalSection
	GlobalSection(ExtensibilityGlobals) = postSolution
		SolutionGuid = {223338A3-FB46-4C6D-8FBC-9BB48D5D412A}
	EndGlobalSection
EndGlobal
